
Microsoft Visual Studio Solution File, Format Version 11.00
# Visual Studio 2010
Project("{FAE04EC0-301F-11D3-BF4B-00C04F79EFBC}") = "LazyLoader", "LazyLoader.csproj", "{9FCA3673-F4DB-4C05-8B8E-36C303C97639}"
EndProject
Global
	GlobalSection(SolutionConfigurationPlatforms) = preSolution
		Debug|Any CPU = Debug|Any CPU
		Release|Any CPU = Release|Any CPU
	EndGlobalSection
	GlobalSection(ProjectConfigurationPlatforms) = postSolution
		{9FCA3673-F4DB-4C05-8B8E-36C303C97639}.Debug|Any CPU.ActiveCfg = Debug|Any CPU
		{9FCA3673-F4DB-4C05-8B8E-36C303C97639}.Debug|Any CPU.Build.0 = Debug|Any CPU
		{9FCA3673-F4DB-4C05-8B8E-36C303C97639}.Release|Any CPU.ActiveCfg = Release|Any CPU
		{9FCA3673-F4DB-4C05-8B8E-36C303C97639}.Release|Any CPU.Build.0 = Release|Any CPU
	EndGlobalSection
	GlobalSection(SolutionProperties) = preSolution
		HideSolutionNode = FALSE
	EndGlobalSection
EndGlobal
