
Microsoft Visual Studio Solution File, Format Version 11.00
# Visual Studio 2010
Project("{FAE04EC0-301F-11D3-BF4B-00C04F79EFBC}") = "Filtering", "Filtering.csproj", "{4560CE72-D9ED-4991-9119-A80A31A660ED}"
EndProject
Global
	GlobalSection(SolutionConfigurationPlatforms) = preSolution
		Debug|Any CPU = Debug|Any CPU
		Release|Any CPU = Release|Any CPU
	EndGlobalSection
	GlobalSection(ProjectConfigurationPlatforms) = postSolution
		{4560CE72-D9ED-4991-9119-A80A31A660ED}.Debug|Any CPU.ActiveCfg = Debug|Any CPU
		{4560CE72-D9ED-4991-9119-A80A31A660ED}.Debug|Any CPU.Build.0 = Debug|Any CPU
		{4560CE72-D9ED-4991-9119-A80A31A660ED}.Release|Any CPU.ActiveCfg = Release|Any CPU
		{4560CE72-D9ED-4991-9119-A80A31A660ED}.Release|Any CPU.Build.0 = Release|Any CPU
	EndGlobalSection
	GlobalSection(SolutionProperties) = preSolution
		HideSolutionNode = FALSE
	EndGlobalSection
EndGlobal
